
Microsoft Visual Studio Solution File, Format Version 12.00
Project("{FAE04EC0-301F-11D3-BF4B-00C04F79EFBC}") = "ChatBot", "ChatBot\ChatBot.csproj", "{5E6AB3DC-8DF0-48E6-A28D-13F88C57DAA6}"
EndProject
Project("{FAE04EC0-301F-11D3-BF4B-00C04F79EFBC}") = "Infrastructure.Telegram", "Infrastructure.Telegram\Infrastructure.Telegram.csproj", "{867806C7-39C9-4510-8DE7-9FC8C7ADD5ED}"
EndProject
Global
	GlobalSection(SolutionConfigurationPlatforms) = preSolution
		Debug|Any CPU = Debug|Any CPU
		Release|Any CPU = Release|Any CPU
	EndGlobalSection
	GlobalSection(ProjectConfigurationPlatforms) = postSolution
		{5E6AB3DC-8DF0-48E6-A28D-13F88C57DAA6}.Debug|Any CPU.ActiveCfg = Debug|Any CPU
		{5E6AB3DC-8DF0-48E6-A28D-13F88C57DAA6}.Debug|Any CPU.Build.0 = Debug|Any CPU
		{5E6AB3DC-8DF0-48E6-A28D-13F88C57DAA6}.Release|Any CPU.ActiveCfg = Release|Any CPU
		{5E6AB3DC-8DF0-48E6-A28D-13F88C57DAA6}.Release|Any CPU.Build.0 = Release|Any CPU
		{867806C7-39C9-4510-8DE7-9FC8C7ADD5ED}.Debug|Any CPU.ActiveCfg = Debug|Any CPU
		{867806C7-39C9-4510-8DE7-9FC8C7ADD5ED}.Debug|Any CPU.Build.0 = Debug|Any CPU
		{867806C7-39C9-4510-8DE7-9FC8C7ADD5ED}.Release|Any CPU.ActiveCfg = Release|Any CPU
		{867806C7-39C9-4510-8DE7-9FC8C7ADD5ED}.Release|Any CPU.Build.0 = Release|Any CPU
	EndGlobalSection
EndGlobal
